// !$*UTF8*$!
{
	archiveVersion = 1;
	classes = {
	};
	objectVersion = 56;
	objects = {

/* Begin PBXBuildFile section */
		705E69CE1A20820774A28216 /* Pods_RefugeTests.framework in Frameworks */ = {isa = PBXBuildFile; fileRef = 936A0E80994214E82D720115 /* Pods_RefugeTests.framework */; };
		9F0BCFB629565B8B00FD536C /* RSIApi.swift in Sources */ = {isa = PBXBuildFile; fileRef = 9F0BCFB529565B8B00FD536C /* RSIApi.swift */; };
		9F0BCFB829565B9800FD536C /* CirnoApi.swift in Sources */ = {isa = PBXBuildFile; fileRef = 9F0BCFB729565B9800FD536C /* CirnoApi.swift */; };
		9F0BCFBA29565BB000FD536C /* HangarParser.swift in Sources */ = {isa = PBXBuildFile; fileRef = 9F0BCFB929565BB000FD536C /* HangarParser.swift */; };
		9F0BCFBC29565C0700FD536C /* DefaultApi.swift in Sources */ = {isa = PBXBuildFile; fileRef = 9F0BCFBB29565C0700FD536C /* DefaultApi.swift */; };
		9F0BCFC029565C8A00FD536C /* Version.swift in Sources */ = {isa = PBXBuildFile; fileRef = 9F0BCFBF29565C8A00FD536C /* Version.swift */; };
		9F43BCC92B11D58A00135755 /* HangarDetailBottomSheet.swift in Sources */ = {isa = PBXBuildFile; fileRef = 9F43BCC82B11D58A00135755 /* HangarDetailBottomSheet.swift */; };
		9F4A8C8F2954625C00C566C1 /* RefugeApp.swift in Sources */ = {isa = PBXBuildFile; fileRef = 9F4A8C8E2954625C00C566C1 /* RefugeApp.swift */; };
		9F4A8C912954625C00C566C1 /* ContentView.swift in Sources */ = {isa = PBXBuildFile; fileRef = 9F4A8C902954625C00C566C1 /* ContentView.swift */; };
		9F4A8C932954625D00C566C1 /* Assets.xcassets in Resources */ = {isa = PBXBuildFile; fileRef = 9F4A8C922954625D00C566C1 /* Assets.xcassets */; };
		9F4A8C962954625D00C566C1 /* Preview Assets.xcassets in Resources */ = {isa = PBXBuildFile; fileRef = 9F4A8C952954625D00C566C1 /* Preview Assets.xcassets */; };
		9F4A8CA02954625D00C566C1 /* RefugeTests.swift in Sources */ = {isa = PBXBuildFile; fileRef = 9F4A8C9F2954625D00C566C1 /* RefugeTests.swift */; };
		9F4A8CAA2954625D00C566C1 /* RefugeUITests.swift in Sources */ = {isa = PBXBuildFile; fileRef = 9F4A8CA92954625D00C566C1 /* RefugeUITests.swift */; };
		9F4A8CAC2954625D00C566C1 /* RefugeUITestsLaunchTests.swift in Sources */ = {isa = PBXBuildFile; fileRef = 9F4A8CAB2954625D00C566C1 /* RefugeUITestsLaunchTests.swift */; };
		9F4A8CBF2954688B00C566C1 /* HangarListItemView.swift in Sources */ = {isa = PBXBuildFile; fileRef = 9F4A8CBE2954688B00C566C1 /* HangarListItemView.swift */; };
		9F4A8CC32954696600C566C1 /* HangarItemProperty.swift in Sources */ = {isa = PBXBuildFile; fileRef = 9F4A8CC22954696600C566C1 /* HangarItemProperty.swift */; };
		9FF09DA62954ECFD00CB0CC0 /* HangarListView.swift in Sources */ = {isa = PBXBuildFile; fileRef = 9FF09DA52954ECFD00CB0CC0 /* HangarListView.swift */; };
		9FF09DA9295541A400CB0CC0 /* ShipInfoTabView.swift in Sources */ = {isa = PBXBuildFile; fileRef = 9FF09DA8295541A400CB0CC0 /* ShipInfoTabView.swift */; };
		9FF243242955598E0050904C /* HangarItemRepository.swift in Sources */ = {isa = PBXBuildFile; fileRef = 9FF243232955598E0050904C /* HangarItemRepository.swift */; };
		B1D814C318EB3C07FA566C5C /* Pods_Refuge_RefugeUITests.framework in Frameworks */ = {isa = PBXBuildFile; fileRef = DEAEA8DB2313E390C202B5EA /* Pods_Refuge_RefugeUITests.framework */; };
		D49CD740C5E4190F58D1E451 /* Pods_Refuge.framework in Frameworks */ = {isa = PBXBuildFile; fileRef = 3B104D925604BFC76A28CACB /* Pods_Refuge.framework */; };
/* End PBXBuildFile section */

/* Begin PBXContainerItemProxy section */
		9F4A8C9C2954625D00C566C1 /* PBXContainerItemProxy */ = {
			isa = PBXContainerItemProxy;
			containerPortal = 9F4A8C832954625C00C566C1 /* Project object */;
			proxyType = 1;
			remoteGlobalIDString = 9F4A8C8A2954625C00C566C1;
			remoteInfo = Refuge;
		};
		9F4A8CA62954625D00C566C1 /* PBXContainerItemProxy */ = {
			isa = PBXContainerItemProxy;
			containerPortal = 9F4A8C832954625C00C566C1 /* Project object */;
			proxyType = 1;
			remoteGlobalIDString = 9F4A8C8A2954625C00C566C1;
			remoteInfo = Refuge;
		};
/* End PBXContainerItemProxy section */

/* Begin PBXFileReference section */
		04D221602202AF12D883A6DB /* Pods-RefugeTests.release.xcconfig */ = {isa = PBXFileReference; includeInIndex = 1; lastKnownFileType = text.xcconfig; name = "Pods-RefugeTests.release.xcconfig"; path = "Target Support Files/Pods-RefugeTests/Pods-RefugeTests.release.xcconfig"; sourceTree = "<group>"; };
		3B104D925604BFC76A28CACB /* Pods_Refuge.framework */ = {isa = PBXFileReference; explicitFileType = wrapper.framework; includeInIndex = 0; path = Pods_Refuge.framework; sourceTree = BUILT_PRODUCTS_DIR; };
		421A22DD10E588EF3D2F498E /* Pods-Refuge-RefugeUITests.release.xcconfig */ = {isa = PBXFileReference; includeInIndex = 1; lastKnownFileType = text.xcconfig; name = "Pods-Refuge-RefugeUITests.release.xcconfig"; path = "Target Support Files/Pods-Refuge-RefugeUITests/Pods-Refuge-RefugeUITests.release.xcconfig"; sourceTree = "<group>"; };
		7C2CB4167FD2814E84CEDB6D /* Pods-Refuge-RefugeUITests.debug.xcconfig */ = {isa = PBXFileReference; includeInIndex = 1; lastKnownFileType = text.xcconfig; name = "Pods-Refuge-RefugeUITests.debug.xcconfig"; path = "Target Support Files/Pods-Refuge-RefugeUITests/Pods-Refuge-RefugeUITests.debug.xcconfig"; sourceTree = "<group>"; };
		8CB99B4F69ABE67033E5469B /* Pods-RefugeTests.debug.xcconfig */ = {isa = PBXFileReference; includeInIndex = 1; lastKnownFileType = text.xcconfig; name = "Pods-RefugeTests.debug.xcconfig"; path = "Target Support Files/Pods-RefugeTests/Pods-RefugeTests.debug.xcconfig"; sourceTree = "<group>"; };
		936A0E80994214E82D720115 /* Pods_RefugeTests.framework */ = {isa = PBXFileReference; explicitFileType = wrapper.framework; includeInIndex = 0; path = Pods_RefugeTests.framework; sourceTree = BUILT_PRODUCTS_DIR; };
		9F0BCFB529565B8B00FD536C /* RSIApi.swift */ = {isa = PBXFileReference; lastKnownFileType = sourcecode.swift; path = RSIApi.swift; sourceTree = "<group>"; };
		9F0BCFB729565B9800FD536C /* CirnoApi.swift */ = {isa = PBXFileReference; lastKnownFileType = sourcecode.swift; path = CirnoApi.swift; sourceTree = "<group>"; };
		9F0BCFB929565BB000FD536C /* HangarParser.swift */ = {isa = PBXFileReference; lastKnownFileType = sourcecode.swift; path = HangarParser.swift; sourceTree = "<group>"; };
		9F0BCFBB29565C0700FD536C /* DefaultApi.swift */ = {isa = PBXFileReference; lastKnownFileType = sourcecode.swift; path = DefaultApi.swift; sourceTree = "<group>"; };
		9F0BCFBF29565C8A00FD536C /* Version.swift */ = {isa = PBXFileReference; lastKnownFileType = sourcecode.swift; path = Version.swift; sourceTree = "<group>"; };
		9F43BCC82B11D58A00135755 /* HangarDetailBottomSheet.swift */ = {isa = PBXFileReference; lastKnownFileType = sourcecode.swift; path = HangarDetailBottomSheet.swift; sourceTree = "<group>"; };
		9F4A8C8B2954625C00C566C1 /* Refuge.app */ = {isa = PBXFileReference; explicitFileType = wrapper.application; includeInIndex = 0; path = Refuge.app; sourceTree = BUILT_PRODUCTS_DIR; };
		9F4A8C8E2954625C00C566C1 /* RefugeApp.swift */ = {isa = PBXFileReference; lastKnownFileType = sourcecode.swift; path = RefugeApp.swift; sourceTree = "<group>"; };
		9F4A8C902954625C00C566C1 /* ContentView.swift */ = {isa = PBXFileReference; lastKnownFileType = sourcecode.swift; path = ContentView.swift; sourceTree = "<group>"; };
		9F4A8C922954625D00C566C1 /* Assets.xcassets */ = {isa = PBXFileReference; lastKnownFileType = folder.assetcatalog; path = Assets.xcassets; sourceTree = "<group>"; };
		9F4A8C952954625D00C566C1 /* Preview Assets.xcassets */ = {isa = PBXFileReference; lastKnownFileType = folder.assetcatalog; path = "Preview Assets.xcassets"; sourceTree = "<group>"; };
		9F4A8C9B2954625D00C566C1 /* RefugeTests.xctest */ = {isa = PBXFileReference; explicitFileType = wrapper.cfbundle; includeInIndex = 0; path = RefugeTests.xctest; sourceTree = BUILT_PRODUCTS_DIR; };
		9F4A8C9F2954625D00C566C1 /* RefugeTests.swift */ = {isa = PBXFileReference; lastKnownFileType = sourcecode.swift; path = RefugeTests.swift; sourceTree = "<group>"; };
		9F4A8CA52954625D00C566C1 /* RefugeUITests.xctest */ = {isa = PBXFileReference; explicitFileType = wrapper.cfbundle; includeInIndex = 0; path = RefugeUITests.xctest; sourceTree = BUILT_PRODUCTS_DIR; };
		9F4A8CA92954625D00C566C1 /* RefugeUITests.swift */ = {isa = PBXFileReference; lastKnownFileType = sourcecode.swift; path = RefugeUITests.swift; sourceTree = "<group>"; };
		9F4A8CAB2954625D00C566C1 /* RefugeUITestsLaunchTests.swift */ = {isa = PBXFileReference; lastKnownFileType = sourcecode.swift; path = RefugeUITestsLaunchTests.swift; sourceTree = "<group>"; };
		9F4A8CB82954635600C566C1 /* Info.plist */ = {isa = PBXFileReference; lastKnownFileType = text.plist; path = Info.plist; sourceTree = "<group>"; };
		9F4A8CBE2954688B00C566C1 /* HangarListItemView.swift */ = {isa = PBXFileReference; lastKnownFileType = sourcecode.swift; path = HangarListItemView.swift; sourceTree = "<group>"; };
		9F4A8CC22954696600C566C1 /* HangarItemProperty.swift */ = {isa = PBXFileReference; lastKnownFileType = sourcecode.swift; path = HangarItemProperty.swift; sourceTree = "<group>"; };
		9FF09DA52954ECFD00CB0CC0 /* HangarListView.swift */ = {isa = PBXFileReference; lastKnownFileType = sourcecode.swift; path = HangarListView.swift; sourceTree = "<group>"; };
		9FF09DA8295541A400CB0CC0 /* ShipInfoTabView.swift */ = {isa = PBXFileReference; lastKnownFileType = sourcecode.swift; path = ShipInfoTabView.swift; sourceTree = "<group>"; };
		9FF243232955598E0050904C /* HangarItemRepository.swift */ = {isa = PBXFileReference; lastKnownFileType = sourcecode.swift; path = HangarItemRepository.swift; sourceTree = "<group>"; };
		B3368AB9C4C5D45870A7A5C9 /* Pods-Refuge.release.xcconfig */ = {isa = PBXFileReference; includeInIndex = 1; lastKnownFileType = text.xcconfig; name = "Pods-Refuge.release.xcconfig"; path = "Target Support Files/Pods-Refuge/Pods-Refuge.release.xcconfig"; sourceTree = "<group>"; };
		CAD9F020493BED7796772105 /* Pods-Refuge.debug.xcconfig */ = {isa = PBXFileReference; includeInIndex = 1; lastKnownFileType = text.xcconfig; name = "Pods-Refuge.debug.xcconfig"; path = "Target Support Files/Pods-Refuge/Pods-Refuge.debug.xcconfig"; sourceTree = "<group>"; };
		DEAEA8DB2313E390C202B5EA /* Pods_Refuge_RefugeUITests.framework */ = {isa = PBXFileReference; explicitFileType = wrapper.framework; includeInIndex = 0; path = Pods_Refuge_RefugeUITests.framework; sourceTree = BUILT_PRODUCTS_DIR; };
/* End PBXFileReference section */

/* Begin PBXFrameworksBuildPhase section */
		9F4A8C882954625C00C566C1 /* Frameworks */ = {
			isa = PBXFrameworksBuildPhase;
			buildActionMask = 2147483647;
			files = (
				D49CD740C5E4190F58D1E451 /* Pods_Refuge.framework in Frameworks */,
			);
			runOnlyForDeploymentPostprocessing = 0;
		};
		9F4A8C982954625D00C566C1 /* Frameworks */ = {
			isa = PBXFrameworksBuildPhase;
			buildActionMask = 2147483647;
			files = (
				705E69CE1A20820774A28216 /* Pods_RefugeTests.framework in Frameworks */,
			);
			runOnlyForDeploymentPostprocessing = 0;
		};
		9F4A8CA22954625D00C566C1 /* Frameworks */ = {
			isa = PBXFrameworksBuildPhase;
			buildActionMask = 2147483647;
			files = (
				B1D814C318EB3C07FA566C5C /* Pods_Refuge_RefugeUITests.framework in Frameworks */,
			);
			runOnlyForDeploymentPostprocessing = 0;
		};
/* End PBXFrameworksBuildPhase section */

/* Begin PBXGroup section */
		1427EB48BC75127719099492 /* Frameworks */ = {
			isa = PBXGroup;
			children = (
				3B104D925604BFC76A28CACB /* Pods_Refuge.framework */,
				DEAEA8DB2313E390C202B5EA /* Pods_Refuge_RefugeUITests.framework */,
				936A0E80994214E82D720115 /* Pods_RefugeTests.framework */,
			);
			name = Frameworks;
			sourceTree = "<group>";
		};
		22A84575235A75986CA8C4B6 /* Pods */ = {
			isa = PBXGroup;
			children = (
				CAD9F020493BED7796772105 /* Pods-Refuge.debug.xcconfig */,
				B3368AB9C4C5D45870A7A5C9 /* Pods-Refuge.release.xcconfig */,
				7C2CB4167FD2814E84CEDB6D /* Pods-Refuge-RefugeUITests.debug.xcconfig */,
				421A22DD10E588EF3D2F498E /* Pods-Refuge-RefugeUITests.release.xcconfig */,
				8CB99B4F69ABE67033E5469B /* Pods-RefugeTests.debug.xcconfig */,
				04D221602202AF12D883A6DB /* Pods-RefugeTests.release.xcconfig */,
			);
			path = Pods;
			sourceTree = "<group>";
		};
		9F0BCFB429565B7200FD536C /* Hangar */ = {
			isa = PBXGroup;
			children = (
				9F0BCFB929565BB000FD536C /* HangarParser.swift */,
			);
			path = Hangar;
			sourceTree = "<group>";
		};
		9F0BCFBD29565C4F00FD536C /* Models */ = {
			isa = PBXGroup;
			children = (
				9F0BCFC12956607D00FD536C /* RSI */,
				9F0BCFBE29565C6500FD536C /* Cirno */,
			);
			path = Models;
			sourceTree = "<group>";
		};
		9F0BCFBE29565C6500FD536C /* Cirno */ = {
			isa = PBXGroup;
			children = (
				9F0BCFBF29565C8A00FD536C /* Version.swift */,
			);
			path = Cirno;
			sourceTree = "<group>";
		};
		9F0BCFC12956607D00FD536C /* RSI */ = {
			isa = PBXGroup;
			children = (
			);
			path = RSI;
			sourceTree = "<group>";
		};
		9F4A8C822954625C00C566C1 = {
			isa = PBXGroup;
			children = (
				9F4A8C8D2954625C00C566C1 /* Refuge */,
				9F4A8C9E2954625D00C566C1 /* RefugeTests */,
				9F4A8CA82954625D00C566C1 /* RefugeUITests */,
				9F4A8C8C2954625C00C566C1 /* Products */,
				22A84575235A75986CA8C4B6 /* Pods */,
				1427EB48BC75127719099492 /* Frameworks */,
			);
			sourceTree = "<group>";
		};
		9F4A8C8C2954625C00C566C1 /* Products */ = {
			isa = PBXGroup;
			children = (
				9F4A8C8B2954625C00C566C1 /* Refuge.app */,
				9F4A8C9B2954625D00C566C1 /* RefugeTests.xctest */,
				9F4A8CA52954625D00C566C1 /* RefugeUITests.xctest */,
			);
			name = Products;
			sourceTree = "<group>";
		};
		9F4A8C8D2954625C00C566C1 /* Refuge */ = {
			isa = PBXGroup;
			children = (
				9F4A8CBC295466AE00C566C1 /* Repositories */,
				9F4A8CBB295466A000C566C1 /* Network */,
				9F4A8CBA2954669800C566C1 /* UI */,
				9F4A8CB92954668200C566C1 /* Models */,
				9F4A8CB82954635600C566C1 /* Info.plist */,
				9F4A8C8E2954625C00C566C1 /* RefugeApp.swift */,
				9F4A8C902954625C00C566C1 /* ContentView.swift */,
				9F4A8C922954625D00C566C1 /* Assets.xcassets */,
				9F4A8C942954625D00C566C1 /* Preview Content */,
			);
			path = Refuge;
			sourceTree = "<group>";
		};
		9F4A8C942954625D00C566C1 /* Preview Content */ = {
			isa = PBXGroup;
			children = (
				9F4A8C952954625D00C566C1 /* Preview Assets.xcassets */,
			);
			path = "Preview Content";
			sourceTree = "<group>";
		};
		9F4A8C9E2954625D00C566C1 /* RefugeTests */ = {
			isa = PBXGroup;
			children = (
				9F4A8C9F2954625D00C566C1 /* RefugeTests.swift */,
			);
			path = RefugeTests;
			sourceTree = "<group>";
		};
		9F4A8CA82954625D00C566C1 /* RefugeUITests */ = {
			isa = PBXGroup;
			children = (
				9F4A8CA92954625D00C566C1 /* RefugeUITests.swift */,
				9F4A8CAB2954625D00C566C1 /* RefugeUITestsLaunchTests.swift */,
			);
			path = RefugeUITests;
			sourceTree = "<group>";
		};
		9F4A8CB92954668200C566C1 /* Models */ = {
			isa = PBXGroup;
			children = (
				9F4A8CC12954694400C566C1 /* HangarProperty */,
			);
			path = Models;
			sourceTree = "<group>";
		};
		9F4A8CBA2954669800C566C1 /* UI */ = {
			isa = PBXGroup;
			children = (
				9FF09DA72955415F00CB0CC0 /* Main */,
				9F4A8CBD2954684500C566C1 /* Hangar */,
			);
			path = UI;
			sourceTree = "<group>";
		};
		9F4A8CBB295466A000C566C1 /* Network */ = {
			isa = PBXGroup;
			children = (
				9F0BCFBD29565C4F00FD536C /* Models */,
				9F0BCFB429565B7200FD536C /* Hangar */,
				9F0BCFB529565B8B00FD536C /* RSIApi.swift */,
				9F0BCFB729565B9800FD536C /* CirnoApi.swift */,
				9F0BCFBB29565C0700FD536C /* DefaultApi.swift */,
			);
			path = Network;
			sourceTree = "<group>";
		};
		9F4A8CBC295466AE00C566C1 /* Repositories */ = {
			isa = PBXGroup;
			children = (
				9FF243232955598E0050904C /* HangarItemRepository.swift */,
			);
			path = Repositories;
			sourceTree = "<group>";
		};
		9F4A8CBD2954684500C566C1 /* Hangar */ = {
			isa = PBXGroup;
			children = (
				9F4A8CBE2954688B00C566C1 /* HangarListItemView.swift */,
				9FF09DA52954ECFD00CB0CC0 /* HangarListView.swift */,
				9F43BCC82B11D58A00135755 /* HangarDetailBottomSheet.swift */,
			);
			path = Hangar;
			sourceTree = "<group>";
		};
		9F4A8CC12954694400C566C1 /* HangarProperty */ = {
			isa = PBXGroup;
			children = (
				9F4A8CC22954696600C566C1 /* HangarItemProperty.swift */,
			);
			path = HangarProperty;
			sourceTree = "<group>";
		};
		9FF09DA72955415F00CB0CC0 /* Main */ = {
			isa = PBXGroup;
			children = (
				9FF09DA8295541A400CB0CC0 /* ShipInfoTabView.swift */,
			);
			path = Main;
			sourceTree = "<group>";
		};
/* End PBXGroup section */

/* Begin PBXNativeTarget section */
		9F4A8C8A2954625C00C566C1 /* Refuge */ = {
			isa = PBXNativeTarget;
			buildConfigurationList = 9F4A8CAF2954625D00C566C1 /* Build configuration list for PBXNativeTarget "Refuge" */;
			buildPhases = (
				A7009E10FAE3082D7F46E981 /* [CP] Check Pods Manifest.lock */,
				9F4A8C872954625C00C566C1 /* Sources */,
				9F4A8C882954625C00C566C1 /* Frameworks */,
				9F4A8C892954625C00C566C1 /* Resources */,
				3BAD76EF56838D6B88AC2AF5 /* [CP] Embed Pods Frameworks */,
			);
			buildRules = (
			);
			dependencies = (
			);
			name = Refuge;
			packageProductDependencies = (
			);
			productName = Refuge;
			productReference = 9F4A8C8B2954625C00C566C1 /* Refuge.app */;
			productType = "com.apple.product-type.application";
		};
		9F4A8C9A2954625D00C566C1 /* RefugeTests */ = {
			isa = PBXNativeTarget;
			buildConfigurationList = 9F4A8CB22954625D00C566C1 /* Build configuration list for PBXNativeTarget "RefugeTests" */;
			buildPhases = (
				68195E9B284ED147E34FBDF4 /* [CP] Check Pods Manifest.lock */,
				9F4A8C972954625D00C566C1 /* Sources */,
				9F4A8C982954625D00C566C1 /* Frameworks */,
				9F4A8C992954625D00C566C1 /* Resources */,
			);
			buildRules = (
			);
			dependencies = (
				9F4A8C9D2954625D00C566C1 /* PBXTargetDependency */,
			);
			name = RefugeTests;
			productName = RefugeTests;
			productReference = 9F4A8C9B2954625D00C566C1 /* RefugeTests.xctest */;
			productType = "com.apple.product-type.bundle.unit-test";
		};
		9F4A8CA42954625D00C566C1 /* RefugeUITests */ = {
			isa = PBXNativeTarget;
			buildConfigurationList = 9F4A8CB52954625D00C566C1 /* Build configuration list for PBXNativeTarget "RefugeUITests" */;
			buildPhases = (
				BADF0AEE3E34869ECEBF0A70 /* [CP] Check Pods Manifest.lock */,
				9F4A8CA12954625D00C566C1 /* Sources */,
				9F4A8CA22954625D00C566C1 /* Frameworks */,
				9F4A8CA32954625D00C566C1 /* Resources */,
				3C9E3B164967F52B7F3E4D14 /* [CP] Embed Pods Frameworks */,
			);
			buildRules = (
			);
			dependencies = (
				9F4A8CA72954625D00C566C1 /* PBXTargetDependency */,
			);
			name = RefugeUITests;
			productName = RefugeUITests;
			productReference = 9F4A8CA52954625D00C566C1 /* RefugeUITests.xctest */;
			productType = "com.apple.product-type.bundle.ui-testing";
		};
/* End PBXNativeTarget section */

/* Begin PBXProject section */
		9F4A8C832954625C00C566C1 /* Project object */ = {
			isa = PBXProject;
			attributes = {
				BuildIndependentTargetsInParallel = 1;
				LastSwiftUpdateCheck = 1420;
				LastUpgradeCheck = 1420;
				TargetAttributes = {
					9F4A8C8A2954625C00C566C1 = {
						CreatedOnToolsVersion = 14.2;
					};
					9F4A8C9A2954625D00C566C1 = {
						CreatedOnToolsVersion = 14.2;
						TestTargetID = 9F4A8C8A2954625C00C566C1;
					};
					9F4A8CA42954625D00C566C1 = {
						CreatedOnToolsVersion = 14.2;
						TestTargetID = 9F4A8C8A2954625C00C566C1;
					};
				};
			};
			buildConfigurationList = 9F4A8C862954625C00C566C1 /* Build configuration list for PBXProject "Refuge" */;
			compatibilityVersion = "Xcode 14.0";
			developmentRegion = en;
			hasScannedForEncodings = 0;
			knownRegions = (
				en,
				Base,
			);
			mainGroup = 9F4A8C822954625C00C566C1;
			packageReferences = (
				9FF09DB729554A3100CB0CC0 /* XCRemoteSwiftPackageReference "SwiftUI-Drawer" */,
			);
			productRefGroup = 9F4A8C8C2954625C00C566C1 /* Products */;
			projectDirPath = "";
			projectRoot = "";
			targets = (
				9F4A8C8A2954625C00C566C1 /* Refuge */,
				9F4A8C9A2954625D00C566C1 /* RefugeTests */,
				9F4A8CA42954625D00C566C1 /* RefugeUITests */,
			);
		};
/* End PBXProject section */

/* Begin PBXResourcesBuildPhase section */
		9F4A8C892954625C00C566C1 /* Resources */ = {
			isa = PBXResourcesBuildPhase;
			buildActionMask = 2147483647;
			files = (
				9F4A8C962954625D00C566C1 /* Preview Assets.xcassets in Resources */,
				9F4A8C932954625D00C566C1 /* Assets.xcassets in Resources */,
			);
			runOnlyForDeploymentPostprocessing = 0;
		};
		9F4A8C992954625D00C566C1 /* Resources */ = {
			isa = PBXResourcesBuildPhase;
			buildActionMask = 2147483647;
			files = (
			);
			runOnlyForDeploymentPostprocessing = 0;
		};
		9F4A8CA32954625D00C566C1 /* Resources */ = {
			isa = PBXResourcesBuildPhase;
			buildActionMask = 2147483647;
			files = (
			);
			runOnlyForDeploymentPostprocessing = 0;
		};
/* End PBXResourcesBuildPhase section */

/* Begin PBXShellScriptBuildPhase section */
		3BAD76EF56838D6B88AC2AF5 /* [CP] Embed Pods Frameworks */ = {
			isa = PBXShellScriptBuildPhase;
			buildActionMask = 2147483647;
			files = (
			);
			inputFileListPaths = (
				"${PODS_ROOT}/Target Support Files/Pods-Refuge/Pods-Refuge-frameworks-${CONFIGURATION}-input-files.xcfilelist",
			);
			name = "[CP] Embed Pods Frameworks";
			outputFileListPaths = (
				"${PODS_ROOT}/Target Support Files/Pods-Refuge/Pods-Refuge-frameworks-${CONFIGURATION}-output-files.xcfilelist",
			);
			runOnlyForDeploymentPostprocessing = 0;
			shellPath = /bin/sh;
			shellScript = "\"${PODS_ROOT}/Target Support Files/Pods-Refuge/Pods-Refuge-frameworks.sh\"\n";
			showEnvVarsInLog = 0;
		};
		3C9E3B164967F52B7F3E4D14 /* [CP] Embed Pods Frameworks */ = {
			isa = PBXShellScriptBuildPhase;
			buildActionMask = 2147483647;
			files = (
			);
			inputFileListPaths = (
				"${PODS_ROOT}/Target Support Files/Pods-Refuge-RefugeUITests/Pods-Refuge-RefugeUITests-frameworks-${CONFIGURATION}-input-files.xcfilelist",
			);
			name = "[CP] Embed Pods Frameworks";
			outputFileListPaths = (
				"${PODS_ROOT}/Target Support Files/Pods-Refuge-RefugeUITests/Pods-Refuge-RefugeUITests-frameworks-${CONFIGURATION}-output-files.xcfilelist",
			);
			runOnlyForDeploymentPostprocessing = 0;
			shellPath = /bin/sh;
			shellScript = "\"${PODS_ROOT}/Target Support Files/Pods-Refuge-RefugeUITests/Pods-Refuge-RefugeUITests-frameworks.sh\"\n";
			showEnvVarsInLog = 0;
		};
		68195E9B284ED147E34FBDF4 /* [CP] Check Pods Manifest.lock */ = {
			isa = PBXShellScriptBuildPhase;
			buildActionMask = 2147483647;
			files = (
			);
			inputFileListPaths = (
			);
			inputPaths = (
				"${PODS_PODFILE_DIR_PATH}/Podfile.lock",
				"${PODS_ROOT}/Manifest.lock",
			);
			name = "[CP] Check Pods Manifest.lock";
			outputFileListPaths = (
			);
			outputPaths = (
				"$(DERIVED_FILE_DIR)/Pods-RefugeTests-checkManifestLockResult.txt",
			);
			runOnlyForDeploymentPostprocessing = 0;
			shellPath = /bin/sh;
			shellScript = "diff \"${PODS_PODFILE_DIR_PATH}/Podfile.lock\" \"${PODS_ROOT}/Manifest.lock\" > /dev/null\nif [ $? != 0 ] ; then\n    # print error to STDERR\n    echo \"error: The sandbox is not in sync with the Podfile.lock. Run 'pod install' or update your CocoaPods installation.\" >&2\n    exit 1\nfi\n# This output is used by Xcode 'outputs' to avoid re-running this script phase.\necho \"SUCCESS\" > \"${SCRIPT_OUTPUT_FILE_0}\"\n";
			showEnvVarsInLog = 0;
		};
		A7009E10FAE3082D7F46E981 /* [CP] Check Pods Manifest.lock */ = {
			isa = PBXShellScriptBuildPhase;
			buildActionMask = 2147483647;
			files = (
			);
			inputFileListPaths = (
			);
			inputPaths = (
				"${PODS_PODFILE_DIR_PATH}/Podfile.lock",
				"${PODS_ROOT}/Manifest.lock",
			);
			name = "[CP] Check Pods Manifest.lock";
			outputFileListPaths = (
			);
			outputPaths = (
				"$(DERIVED_FILE_DIR)/Pods-Refuge-checkManifestLockResult.txt",
			);
			runOnlyForDeploymentPostprocessing = 0;
			shellPath = /bin/sh;
			shellScript = "diff \"${PODS_PODFILE_DIR_PATH}/Podfile.lock\" \"${PODS_ROOT}/Manifest.lock\" > /dev/null\nif [ $? != 0 ] ; then\n    # print error to STDERR\n    echo \"error: The sandbox is not in sync with the Podfile.lock. Run 'pod install' or update your CocoaPods installation.\" >&2\n    exit 1\nfi\n# This output is used by Xcode 'outputs' to avoid re-running this script phase.\necho \"SUCCESS\" > \"${SCRIPT_OUTPUT_FILE_0}\"\n";
			showEnvVarsInLog = 0;
		};
		BADF0AEE3E34869ECEBF0A70 /* [CP] Check Pods Manifest.lock */ = {
			isa = PBXShellScriptBuildPhase;
			buildActionMask = 2147483647;
			files = (
			);
			inputFileListPaths = (
			);
			inputPaths = (
				"${PODS_PODFILE_DIR_PATH}/Podfile.lock",
				"${PODS_ROOT}/Manifest.lock",
			);
			name = "[CP] Check Pods Manifest.lock";
			outputFileListPaths = (
			);
			outputPaths = (
				"$(DERIVED_FILE_DIR)/Pods-Refuge-RefugeUITests-checkManifestLockResult.txt",
			);
			runOnlyForDeploymentPostprocessing = 0;
			shellPath = /bin/sh;
			shellScript = "diff \"${PODS_PODFILE_DIR_PATH}/Podfile.lock\" \"${PODS_ROOT}/Manifest.lock\" > /dev/null\nif [ $? != 0 ] ; then\n    # print error to STDERR\n    echo \"error: The sandbox is not in sync with the Podfile.lock. Run 'pod install' or update your CocoaPods installation.\" >&2\n    exit 1\nfi\n# This output is used by Xcode 'outputs' to avoid re-running this script phase.\necho \"SUCCESS\" > \"${SCRIPT_OUTPUT_FILE_0}\"\n";
			showEnvVarsInLog = 0;
		};
/* End PBXShellScriptBuildPhase section */

/* Begin PBXSourcesBuildPhase section */
		9F4A8C872954625C00C566C1 /* Sources */ = {
			isa = PBXSourcesBuildPhase;
			buildActionMask = 2147483647;
			files = (
				9F0BCFB829565B9800FD536C /* CirnoApi.swift in Sources */,
				9FF09DA9295541A400CB0CC0 /* ShipInfoTabView.swift in Sources */,
				9F4A8CC32954696600C566C1 /* HangarItemProperty.swift in Sources */,
				9F0BCFBA29565BB000FD536C /* HangarParser.swift in Sources */,
				9F0BCFBC29565C0700FD536C /* DefaultApi.swift in Sources */,
				9FF09DA62954ECFD00CB0CC0 /* HangarListView.swift in Sources */,
				9F4A8C912954625C00C566C1 /* ContentView.swift in Sources */,
				9F4A8CBF2954688B00C566C1 /* HangarListItemView.swift in Sources */,
				9FF243242955598E0050904C /* HangarItemRepository.swift in Sources */,
				9F4A8C8F2954625C00C566C1 /* RefugeApp.swift in Sources */,
				9F43BCC92B11D58A00135755 /* HangarDetailBottomSheet.swift in Sources */,
				9F0BCFC029565C8A00FD536C /* Version.swift in Sources */,
				9F0BCFB629565B8B00FD536C /* RSIApi.swift in Sources */,
			);
			runOnlyForDeploymentPostprocessing = 0;
		};
		9F4A8C972954625D00C566C1 /* Sources */ = {
			isa = PBXSourcesBuildPhase;
			buildActionMask = 2147483647;
			files = (
				9F4A8CA02954625D00C566C1 /* RefugeTests.swift in Sources */,
			);
			runOnlyForDeploymentPostprocessing = 0;
		};
		9F4A8CA12954625D00C566C1 /* Sources */ = {
			isa = PBXSourcesBuildPhase;
			buildActionMask = 2147483647;
			files = (
				9F4A8CAC2954625D00C566C1 /* RefugeUITestsLaunchTests.swift in Sources */,
				9F4A8CAA2954625D00C566C1 /* RefugeUITests.swift in Sources */,
			);
			runOnlyForDeploymentPostprocessing = 0;
		};
/* End PBXSourcesBuildPhase section */

/* Begin PBXTargetDependency section */
		9F4A8C9D2954625D00C566C1 /* PBXTargetDependency */ = {
			isa = PBXTargetDependency;
			target = 9F4A8C8A2954625C00C566C1 /* Refuge */;
			targetProxy = 9F4A8C9C2954625D00C566C1 /* PBXContainerItemProxy */;
		};
		9F4A8CA72954625D00C566C1 /* PBXTargetDependency */ = {
			isa = PBXTargetDependency;
			target = 9F4A8C8A2954625C00C566C1 /* Refuge */;
			targetProxy = 9F4A8CA62954625D00C566C1 /* PBXContainerItemProxy */;
		};
/* End PBXTargetDependency section */

/* Begin XCBuildConfiguration section */
		9F4A8CAD2954625D00C566C1 /* Debug */ = {
			isa = XCBuildConfiguration;
			buildSettings = {
				ALWAYS_SEARCH_USER_PATHS = NO;
				CLANG_ANALYZER_NONNULL = YES;
				CLANG_ANALYZER_NUMBER_OBJECT_CONVERSION = YES_AGGRESSIVE;
				CLANG_CXX_LANGUAGE_STANDARD = "gnu++20";
				CLANG_ENABLE_MODULES = YES;
				CLANG_ENABLE_OBJC_ARC = YES;
				CLANG_ENABLE_OBJC_WEAK = YES;
				CLANG_WARN_BLOCK_CAPTURE_AUTORELEASING = YES;
				CLANG_WARN_BOOL_CONVERSION = YES;
				CLANG_WARN_COMMA = YES;
				CLANG_WARN_CONSTANT_CONVERSION = YES;
				CLANG_WARN_DEPRECATED_OBJC_IMPLEMENTATIONS = YES;
				CLANG_WARN_DIRECT_OBJC_ISA_USAGE = YES_ERROR;
				CLANG_WARN_DOCUMENTATION_COMMENTS = YES;
				CLANG_WARN_EMPTY_BODY = YES;
				CLANG_WARN_ENUM_CONVERSION = YES;
				CLANG_WARN_INFINITE_RECURSION = YES;
				CLANG_WARN_INT_CONVERSION = YES;
				CLANG_WARN_NON_LITERAL_NULL_CONVERSION = YES;
				CLANG_WARN_OBJC_IMPLICIT_RETAIN_SELF = YES;
				CLANG_WARN_OBJC_LITERAL_CONVERSION = YES;
				CLANG_WARN_OBJC_ROOT_CLASS = YES_ERROR;
				CLANG_WARN_QUOTED_INCLUDE_IN_FRAMEWORK_HEADER = YES;
				CLANG_WARN_RANGE_LOOP_ANALYSIS = YES;
				CLANG_WARN_STRICT_PROTOTYPES = YES;
				CLANG_WARN_SUSPICIOUS_MOVE = YES;
				CLANG_WARN_UNGUARDED_AVAILABILITY = YES_AGGRESSIVE;
				CLANG_WARN_UNREACHABLE_CODE = YES;
				CLANG_WARN__DUPLICATE_METHOD_MATCH = YES;
				COPY_PHASE_STRIP = NO;
				DEBUG_INFORMATION_FORMAT = dwarf;
				ENABLE_STRICT_OBJC_MSGSEND = YES;
				ENABLE_TESTABILITY = YES;
				GCC_C_LANGUAGE_STANDARD = gnu11;
				GCC_DYNAMIC_NO_PIC = NO;
				GCC_NO_COMMON_BLOCKS = YES;
				GCC_OPTIMIZATION_LEVEL = 0;
				GCC_PREPROCESSOR_DEFINITIONS = (
					"DEBUG=1",
					"$(inherited)",
				);
				GCC_WARN_64_TO_32_BIT_CONVERSION = YES;
				GCC_WARN_ABOUT_RETURN_TYPE = YES_ERROR;
				GCC_WARN_UNDECLARED_SELECTOR = YES;
				GCC_WARN_UNINITIALIZED_AUTOS = YES_AGGRESSIVE;
				GCC_WARN_UNUSED_FUNCTION = YES;
				GCC_WARN_UNUSED_VARIABLE = YES;
				IPHONEOS_DEPLOYMENT_TARGET = 16.2;
				MTL_ENABLE_DEBUG_INFO = INCLUDE_SOURCE;
				MTL_FAST_MATH = YES;
				ONLY_ACTIVE_ARCH = YES;
				SDKROOT = iphoneos;
				SWIFT_ACTIVE_COMPILATION_CONDITIONS = DEBUG;
				SWIFT_OPTIMIZATION_LEVEL = "-Onone";
			};
			name = Debug;
		};
		9F4A8CAE2954625D00C566C1 /* Release */ = {
			isa = XCBuildConfiguration;
			buildSettings = {
				ALWAYS_SEARCH_USER_PATHS = NO;
				CLANG_ANALYZER_NONNULL = YES;
				CLANG_ANALYZER_NUMBER_OBJECT_CONVERSION = YES_AGGRESSIVE;
				CLANG_CXX_LANGUAGE_STANDARD = "gnu++20";
				CLANG_ENABLE_MODULES = YES;
				CLANG_ENABLE_OBJC_ARC = YES;
				CLANG_ENABLE_OBJC_WEAK = YES;
				CLANG_WARN_BLOCK_CAPTURE_AUTORELEASING = YES;
				CLANG_WARN_BOOL_CONVERSION = YES;
				CLANG_WARN_COMMA = YES;
				CLANG_WARN_CONSTANT_CONVERSION = YES;
				CLANG_WARN_DEPRECATED_OBJC_IMPLEMENTATIONS = YES;
				CLANG_WARN_DIRECT_OBJC_ISA_USAGE = YES_ERROR;
				CLANG_WARN_DOCUMENTATION_COMMENTS = YES;
				CLANG_WARN_EMPTY_BODY = YES;
				CLANG_WARN_ENUM_CONVERSION = YES;
				CLANG_WARN_INFINITE_RECURSION = YES;
				CLANG_WARN_INT_CONVERSION = YES;
				CLANG_WARN_NON_LITERAL_NULL_CONVERSION = YES;
				CLANG_WARN_OBJC_IMPLICIT_RETAIN_SELF = YES;
				CLANG_WARN_OBJC_LITERAL_CONVERSION = YES;
				CLANG_WARN_OBJC_ROOT_CLASS = YES_ERROR;
				CLANG_WARN_QUOTED_INCLUDE_IN_FRAMEWORK_HEADER = YES;
				CLANG_WARN_RANGE_LOOP_ANALYSIS = YES;
				CLANG_WARN_STRICT_PROTOTYPES = YES;
				CLANG_WARN_SUSPICIOUS_MOVE = YES;
				CLANG_WARN_UNGUARDED_AVAILABILITY = YES_AGGRESSIVE;
				CLANG_WARN_UNREACHABLE_CODE = YES;
				CLANG_WARN__DUPLICATE_METHOD_MATCH = YES;
				COPY_PHASE_STRIP = NO;
				DEBUG_INFORMATION_FORMAT = "dwarf-with-dsym";
				ENABLE_NS_ASSERTIONS = NO;
				ENABLE_STRICT_OBJC_MSGSEND = YES;
				GCC_C_LANGUAGE_STANDARD = gnu11;
				GCC_NO_COMMON_BLOCKS = YES;
				GCC_WARN_64_TO_32_BIT_CONVERSION = YES;
				GCC_WARN_ABOUT_RETURN_TYPE = YES_ERROR;
				GCC_WARN_UNDECLARED_SELECTOR = YES;
				GCC_WARN_UNINITIALIZED_AUTOS = YES_AGGRESSIVE;
				GCC_WARN_UNUSED_FUNCTION = YES;
				GCC_WARN_UNUSED_VARIABLE = YES;
				IPHONEOS_DEPLOYMENT_TARGET = 16.2;
				MTL_ENABLE_DEBUG_INFO = NO;
				MTL_FAST_MATH = YES;
				SDKROOT = iphoneos;
				SWIFT_COMPILATION_MODE = wholemodule;
				SWIFT_OPTIMIZATION_LEVEL = "-O";
				VALIDATE_PRODUCT = YES;
			};
			name = Release;
		};
		9F4A8CB02954625D00C566C1 /* Debug */ = {
			isa = XCBuildConfiguration;
			baseConfigurationReference = CAD9F020493BED7796772105 /* Pods-Refuge.debug.xcconfig */;
			buildSettings = {
				ASSETCATALOG_COMPILER_APPICON_NAME = AppIcon;
				ASSETCATALOG_COMPILER_GLOBAL_ACCENT_COLOR_NAME = AccentColor;
				CODE_SIGN_STYLE = Automatic;
				CURRENT_PROJECT_VERSION = 1;
				DEVELOPMENT_ASSET_PATHS = "\"Refuge/Preview Content\"";
				ENABLE_PREVIEWS = YES;
				GENERATE_INFOPLIST_FILE = YES;
				INFOPLIST_FILE = Refuge/Info.plist;
				INFOPLIST_KEY_UIApplicationSceneManifest_Generation = YES;
				INFOPLIST_KEY_UIApplicationSupportsIndirectInputEvents = YES;
				INFOPLIST_KEY_UILaunchScreen_Generation = YES;
				INFOPLIST_KEY_UISupportedInterfaceOrientations_iPad = "UIInterfaceOrientationPortrait UIInterfaceOrientationPortraitUpsideDown UIInterfaceOrientationLandscapeLeft UIInterfaceOrientationLandscapeRight";
				INFOPLIST_KEY_UISupportedInterfaceOrientations_iPhone = "UIInterfaceOrientationPortrait UIInterfaceOrientationLandscapeLeft UIInterfaceOrientationLandscapeRight";
				IPHONEOS_DEPLOYMENT_TARGET = 15.0;
				LD_RUNPATH_SEARCH_PATHS = (
					"$(inherited)",
					"@executable_path/Frameworks",
				);
				MARKETING_VERSION = 1.0;
				PRODUCT_BUNDLE_IDENTIFIER = vip.kirakira.Refuge;
				PRODUCT_NAME = "$(TARGET_NAME)";
				SUPPORTED_PLATFORMS = "iphoneos iphonesimulator";
				SUPPORTS_MACCATALYST = NO;
				SUPPORTS_MAC_DESIGNED_FOR_IPHONE_IPAD = NO;
				SWIFT_EMIT_LOC_STRINGS = YES;
				SWIFT_VERSION = 5.0;
				TARGETED_DEVICE_FAMILY = "1,2";
			};
			name = Debug;
		};
		9F4A8CB12954625D00C566C1 /* Release */ = {
			isa = XCBuildConfiguration;
			baseConfigurationReference = B3368AB9C4C5D45870A7A5C9 /* Pods-Refuge.release.xcconfig */;
			buildSettings = {
				ASSETCATALOG_COMPILER_APPICON_NAME = AppIcon;
				ASSETCATALOG_COMPILER_GLOBAL_ACCENT_COLOR_NAME = AccentColor;
				CODE_SIGN_STYLE = Automatic;
				CURRENT_PROJECT_VERSION = 1;
				DEVELOPMENT_ASSET_PATHS = "\"Refuge/Preview Content\"";
				ENABLE_PREVIEWS = YES;
				GENERATE_INFOPLIST_FILE = YES;
				INFOPLIST_FILE = Refuge/Info.plist;
				INFOPLIST_KEY_UIApplicationSceneManifest_Generation = YES;
				INFOPLIST_KEY_UIApplicationSupportsIndirectInputEvents = YES;
				INFOPLIST_KEY_UILaunchScreen_Generation = YES;
				INFOPLIST_KEY_UISupportedInterfaceOrientations_iPad = "UIInterfaceOrientationPortrait UIInterfaceOrientationPortraitUpsideDown UIInterfaceOrientationLandscapeLeft UIInterfaceOrientationLandscapeRight";
				INFOPLIST_KEY_UISupportedInterfaceOrientations_iPhone = "UIInterfaceOrientationPortrait UIInterfaceOrientationLandscapeLeft UIInterfaceOrientationLandscapeRight";
				IPHONEOS_DEPLOYMENT_TARGET = 15.0;
				LD_RUNPATH_SEARCH_PATHS = (
					"$(inherited)",
					"@executable_path/Frameworks",
				);
				MARKETING_VERSION = 1.0;
				PRODUCT_BUNDLE_IDENTIFIER = vip.kirakira.Refuge;
				PRODUCT_NAME = "$(TARGET_NAME)";
				SUPPORTED_PLATFORMS = "iphoneos iphonesimulator";
				SUPPORTS_MACCATALYST = NO;
				SUPPORTS_MAC_DESIGNED_FOR_IPHONE_IPAD = NO;
				SWIFT_EMIT_LOC_STRINGS = YES;
				SWIFT_VERSION = 5.0;
				TARGETED_DEVICE_FAMILY = "1,2";
			};
			name = Release;
		};
		9F4A8CB32954625D00C566C1 /* Debug */ = {
			isa = XCBuildConfiguration;
			baseConfigurationReference = 8CB99B4F69ABE67033E5469B /* Pods-RefugeTests.debug.xcconfig */;
			buildSettings = {
				ALWAYS_EMBED_SWIFT_STANDARD_LIBRARIES = YES;
				BUNDLE_LOADER = "$(TEST_HOST)";
				CODE_SIGN_STYLE = Automatic;
				CURRENT_PROJECT_VERSION = 1;
				GENERATE_INFOPLIST_FILE = YES;
				IPHONEOS_DEPLOYMENT_TARGET = 16.2;
				MARKETING_VERSION = 1.0;
				PRODUCT_BUNDLE_IDENTIFIER = vip.kirakira.RefugeTests;
				PRODUCT_NAME = "$(TARGET_NAME)";
				SWIFT_EMIT_LOC_STRINGS = NO;
				SWIFT_VERSION = 5.0;
				TARGETED_DEVICE_FAMILY = "1,2";
				TEST_HOST = "$(BUILT_PRODUCTS_DIR)/Refuge.app/$(BUNDLE_EXECUTABLE_FOLDER_PATH)/Refuge";
			};
			name = Debug;
		};
		9F4A8CB42954625D00C566C1 /* Release */ = {
			isa = XCBuildConfiguration;
			baseConfigurationReference = 04D221602202AF12D883A6DB /* Pods-RefugeTests.release.xcconfig */;
			buildSettings = {
				ALWAYS_EMBED_SWIFT_STANDARD_LIBRARIES = YES;
				BUNDLE_LOADER = "$(TEST_HOST)";
				CODE_SIGN_STYLE = Automatic;
				CURRENT_PROJECT_VERSION = 1;
				GENERATE_INFOPLIST_FILE = YES;
				IPHONEOS_DEPLOYMENT_TARGET = 16.2;
				MARKETING_VERSION = 1.0;
				PRODUCT_BUNDLE_IDENTIFIER = vip.kirakira.RefugeTests;
				PRODUCT_NAME = "$(TARGET_NAME)";
				SWIFT_EMIT_LOC_STRINGS = NO;
				SWIFT_VERSION = 5.0;
				TARGETED_DEVICE_FAMILY = "1,2";
				TEST_HOST = "$(BUILT_PRODUCTS_DIR)/Refuge.app/$(BUNDLE_EXECUTABLE_FOLDER_PATH)/Refuge";
			};
			name = Release;
		};
		9F4A8CB62954625D00C566C1 /* Debug */ = {
			isa = XCBuildConfiguration;
			baseConfigurationReference = 7C2CB4167FD2814E84CEDB6D /* Pods-Refuge-RefugeUITests.debug.xcconfig */;
			buildSettings = {
				ALWAYS_EMBED_SWIFT_STANDARD_LIBRARIES = YES;
				CODE_SIGN_STYLE = Automatic;
				CURRENT_PROJECT_VERSION = 1;
				GENERATE_INFOPLIST_FILE = YES;
				MARKETING_VERSION = 1.0;
				PRODUCT_BUNDLE_IDENTIFIER = vip.kirakira.RefugeUITests;
				PRODUCT_NAME = "$(TARGET_NAME)";
				SWIFT_EMIT_LOC_STRINGS = NO;
				SWIFT_VERSION = 5.0;
				TARGETED_DEVICE_FAMILY = "1,2";
				TEST_TARGET_NAME = Refuge;
			};
			name = Debug;
		};
		9F4A8CB72954625D00C566C1 /* Release */ = {
			isa = XCBuildConfiguration;
			baseConfigurationReference = 421A22DD10E588EF3D2F498E /* Pods-Refuge-RefugeUITests.release.xcconfig */;
			buildSettings = {
				ALWAYS_EMBED_SWIFT_STANDARD_LIBRARIES = YES;
				CODE_SIGN_STYLE = Automatic;
				CURRENT_PROJECT_VERSION = 1;
				GENERATE_INFOPLIST_FILE = YES;
				MARKETING_VERSION = 1.0;
				PRODUCT_BUNDLE_IDENTIFIER = vip.kirakira.RefugeUITests;
				PRODUCT_NAME = "$(TARGET_NAME)";
				SWIFT_EMIT_LOC_STRINGS = NO;
				SWIFT_VERSION = 5.0;
				TARGETED_DEVICE_FAMILY = "1,2";
				TEST_TARGET_NAME = Refuge;
			};
			name = Release;
		};
/* End XCBuildConfiguration section */

/* Begin XCConfigurationList section */
		9F4A8C862954625C00C566C1 /* Build configuration list for PBXProject "Refuge" */ = {
			isa = XCConfigurationList;
			buildConfigurations = (
				9F4A8CAD2954625D00C566C1 /* Debug */,
				9F4A8CAE2954625D00C566C1 /* Release */,
			);
			defaultConfigurationIsVisible = 0;
			defaultConfigurationName = Release;
		};
		9F4A8CAF2954625D00C566C1 /* Build configuration list for PBXNativeTarget "Refuge" */ = {
			isa = XCConfigurationList;
			buildConfigurations = (
				9F4A8CB02954625D00C566C1 /* Debug */,
				9F4A8CB12954625D00C566C1 /* Release */,
			);
			defaultConfigurationIsVisible = 0;
			defaultConfigurationName = Release;
		};
		9F4A8CB22954625D00C566C1 /* Build configuration list for PBXNativeTarget "RefugeTests" */ = {
			isa = XCConfigurationList;
			buildConfigurations = (
				9F4A8CB32954625D00C566C1 /* Debug */,
				9F4A8CB42954625D00C566C1 /* Release */,
			);
			defaultConfigurationIsVisible = 0;
			defaultConfigurationName = Release;
		};
		9F4A8CB52954625D00C566C1 /* Build configuration list for PBXNativeTarget "RefugeUITests" */ = {
			isa = XCConfigurationList;
			buildConfigurations = (
				9F4A8CB62954625D00C566C1 /* Debug */,
				9F4A8CB72954625D00C566C1 /* Release */,
			);
			defaultConfigurationIsVisible = 0;
			defaultConfigurationName = Release;
		};
/* End XCConfigurationList section */

/* Begin XCRemoteSwiftPackageReference section */
		9FF09DB729554A3100CB0CC0 /* XCRemoteSwiftPackageReference "SwiftUI-Drawer" */ = {
			isa = XCRemoteSwiftPackageReference;
			repositoryURL = "https://github.com/bwide/SwiftUI-Drawer";
			requirement = {
				kind = upToNextMajorVersion;
				minimumVersion = 1.0.0;
			};
		};
/* End XCRemoteSwiftPackageReference section */
	};
	rootObject = 9F4A8C832954625C00C566C1 /* Project object */;
}
